{
  "pins" : [
    {
      "identity" : "fusion",
      "kind" : "remoteSourceControl",
      "location" : "https://github.com/joshuawright11/fusion",
      "state" : {
        "branch" : "jwright/macros",
        "revision" : "4263b75a76280eb6fd885da5e171e8ea61a0b1ff"
      }
    },
    {
      "identity" : "papyrus",
      "kind" : "remoteSourceControl",
      "location" : "https://github.com/joshuawright11/papyrus",
      "state" : {
        "branch" : "main",
        "revision" : "a03b1d9a2703d10ce5111792b005bfbfa9cf4343"
      }
    },
    {
      "identity" : "swift-syntax",
      "kind" : "remoteSourceControl",
      "location" : "https://github.com/swiftlang/swift-syntax",
      "state" : {
        "revision" : "0687f71944021d616d34d922343dcef086855920",
        "version" : "600.0.1"
      }
    }
  ],
  "version" : 2
}
